#
# This file is autogenerated by pip-compile with Python 3.12
# by the following command:
#
#    pip-compile --cert=None --client-cert=None --constraint=requirements_full.lock --index-url=None --output-file=requirements_sharepoint.lock --pip-args=None requirements_sharepoint.txt
#
certifi==2026.7.22
    # via
    #   -c requirements_full.lock
    #   requests
cffi==2.1.1
    # via
    #   -c requirements_full.lock
    #   cryptography
charset-normalizer==3.5.0
    # via
    #   -c requirements_full.lock
    #   requests
cryptography==50.0.0
    # via
    #   -c requirements_full.lock
    #   msal
    #   pyjwt
idna==3.18
    # via
    #   -c requirements_full.lock
    #   requests
msal==1.37.0
    # via
    #   -c requirements_full.lock
    #   -r requirements_sharepoint.txt
pycparser==3.0
    # via
    #   -c requirements_full.lock
    #   cffi
pyjwt[crypto]==2.13.0
    # via
    #   -c requirements_full.lock
    #   msal
    #   pyjwt
requests==2.33.0
    # via
    #   -c requirements_full.lock
    #   -r requirements_sharepoint.txt
    #   msal
tenacity==9.0.0
    # via
    #   -c requirements_full.lock
    #   -r requirements_sharepoint.txt
urllib3==2.7.0
    # via
    #   -c requirements_full.lock
    #   requests
