#
# This file is autogenerated by pip-compile with Python 3.12
# by the following command:
#
#    pip-compile --constraint=requirements_full.lock --output-file=requirements_sharepoint.lock requirements_sharepoint.txt
#
azure-core==1.38.0
    # via
    #   -c requirements_full.lock
    #   -r requirements_sharepoint.txt
certifi==2026.1.4
    # via
    #   -c requirements_full.lock
    #   requests
cffi==2.0.0
    # via
    #   -c requirements_full.lock
    #   cryptography
charset-normalizer==3.4.4
    # via
    #   -c requirements_full.lock
    #   requests
cryptography==46.0.5
    # via
    #   -c requirements_full.lock
    #   msal
    #   pyjwt
idna==3.11
    # via
    #   -c requirements_full.lock
    #   requests
msal==1.32.3
    # via
    #   -c requirements_full.lock
    #   -r requirements_sharepoint.txt
pycparser==3.0
    # via
    #   -c requirements_full.lock
    #   cffi
pyjwt[crypto]==2.11.0
    # via
    #   -c requirements_full.lock
    #   msal
    #   pyjwt
requests==2.32.4
    # via
    #   -c requirements_full.lock
    #   azure-core
    #   msal
tenacity==9.0.0
    # via
    #   -c requirements_full.lock
    #   -r requirements_sharepoint.txt
typing-extensions==4.15.0
    # via
    #   -c requirements_full.lock
    #   azure-core
urllib3==2.6.3
    # via
    #   -c requirements_full.lock
    #   requests
