#
# This file is autogenerated by pip-compile with Python 3.12
# by the following command:
#
#    pip-compile --cert=None --client-cert=None --constraint=requirements_full.lock --index-url=None --output-file=requirements_os.lock --pip-args=None requirements_os.txt
#
delta-spark==4.3.1
    # via
    #   -c requirements_full.lock
    #   -r requirements_os.txt
googleapis-common-protos==1.75.1
    # via
    #   -c requirements_full.lock
    #   grpcio-status
    #   pyspark
grpcio==1.83.0
    # via
    #   -c requirements_full.lock
    #   grpcio-status
    #   pyspark
grpcio-status==1.83.0
    # via
    #   -c requirements_full.lock
    #   pyspark
importlib-metadata==8.7.1
    # via
    #   -c requirements_full.lock
    #   delta-spark
numpy==2.5.2
    # via
    #   -c requirements_full.lock
    #   pandas
    #   pyspark
pandas==3.0.5
    # via
    #   -c requirements_full.lock
    #   pyspark
protobuf==7.35.1
    # via
    #   -c requirements_full.lock
    #   googleapis-common-protos
    #   grpcio-status
py4j==0.10.9.9
    # via
    #   -c requirements_full.lock
    #   pyspark
pyarrow==25.0.1
    # via
    #   -c requirements_full.lock
    #   pyspark
pyspark[connect]==4.1.0
    # via
    #   -c requirements_full.lock
    #   -r requirements_os.txt
    #   delta-spark
python-dateutil==2.9.0.post0
    # via
    #   -c requirements_full.lock
    #   pandas
six==1.17.0
    # via
    #   -c requirements_full.lock
    #   python-dateutil
typing-extensions==4.16.0
    # via
    #   -c requirements_full.lock
    #   grpcio
zipp==4.1.0
    # via
    #   -c requirements_full.lock
    #   importlib-metadata
zstandard==0.25.0
    # via
    #   -c requirements_full.lock
    #   pyspark
