#
# This file is autogenerated by pip-compile with Python 3.12
# by the following command:
#
#    pip-compile --constraint=requirements_full.lock --output-file=requirements_sftp.lock requirements_sftp.txt
#
bcrypt==5.0.0
    # via
    #   -c requirements_full.lock
    #   paramiko
cffi==2.0.0
    # via
    #   -c requirements_full.lock
    #   cryptography
    #   pynacl
cryptography==46.0.5
    # via
    #   -c requirements_full.lock
    #   paramiko
invoke==2.2.1
    # via
    #   -c requirements_full.lock
    #   paramiko
paramiko==4.0.0
    # via
    #   -c requirements_full.lock
    #   -r requirements_sftp.txt
pycparser==3.0
    # via
    #   -c requirements_full.lock
    #   cffi
pynacl==1.6.2
    # via
    #   -c requirements_full.lock
    #   -r requirements_sftp.txt
    #   paramiko
