#
# This file is autogenerated by pip-compile with Python 3.11
# by the following command:
#
#    pip-compile --constraint=requirements_full.lock --output-file=requirements.lock requirements.txt
#
boto3==1.34.39
    # via
    #   -c requirements_full.lock
    #   -r requirements.txt
botocore==1.34.162
    # via
    #   -c requirements_full.lock
    #   boto3
    #   s3transfer
jinja2==3.1.4
    # via
    #   -c requirements_full.lock
    #   -r requirements.txt
jmespath==1.0.1
    # via
    #   -c requirements_full.lock
    #   boto3
    #   botocore
markupsafe==2.1.5
    # via
    #   -c requirements_full.lock
    #   jinja2
pendulum==3.0.0
    # via
    #   -c requirements_full.lock
    #   -r requirements.txt
python-dateutil==2.9.0.post0
    # via
    #   -c requirements_full.lock
    #   botocore
    #   pendulum
    #   time-machine
pyyaml==6.0.1
    # via
    #   -c requirements_full.lock
    #   -r requirements.txt
s3transfer==0.10.2
    # via
    #   -c requirements_full.lock
    #   boto3
six==1.16.0
    # via
    #   -c requirements_full.lock
    #   python-dateutil
time-machine==2.15.0
    # via
    #   -c requirements_full.lock
    #   pendulum
tzdata==2024.1
    # via
    #   -c requirements_full.lock
    #   pendulum
urllib3==1.26.19
    # via
    #   -c requirements_full.lock
    #   botocore
