#
# This file is autogenerated by pip-compile with Python 3.12
# by the following command:
#
#    pip-compile --constraint=requirements_full.lock --output-file=requirements_sharepoint.lock requirements_sharepoint.txt
#
certifi==2025.4.26
    # via
    #   -c requirements_full.lock
    #   requests
cffi==1.17.1
    # via
    #   -c requirements_full.lock
    #   cryptography
charset-normalizer==3.4.2
    # via
    #   -c requirements_full.lock
    #   requests
cryptography==45.0.3
    # via
    #   -c requirements_full.lock
    #   msal
    #   pyjwt
idna==3.10
    # via
    #   -c requirements_full.lock
    #   requests
msal==1.33.0
    # via
    #   -c requirements_full.lock
    #   -r requirements_sharepoint.txt
pycparser==2.22
    # via
    #   -c requirements_full.lock
    #   cffi
pyjwt[crypto]==2.10.1
    # via
    #   -c requirements_full.lock
    #   msal
    #   pyjwt
requests==2.32.4
    # via
    #   -c requirements_full.lock
    #   -r requirements_sharepoint.txt
    #   msal
tenacity==9.0.0
    # via
    #   -c requirements_full.lock
    #   -r requirements_sharepoint.txt
urllib3==2.5.0
    # via
    #   -c requirements_full.lock
    #   -r requirements_sharepoint.txt
    #   requests
