#
# This file is autogenerated by pip-compile with Python 3.11
# by the following command:
#
#    pip-compile --constraint=requirements_full.lock --output-file=requirements_os.lock requirements_os.txt
#
delta-spark==3.2.0
    # via
    #   -c requirements_full.lock
    #   -r requirements_os.txt
importlib-metadata==8.0.0
    # via
    #   -c requirements_full.lock
    #   delta-spark
py4j==0.10.9.7
    # via
    #   -c requirements_full.lock
    #   pyspark
pyspark==3.5.0
    # via
    #   -c requirements_full.lock
    #   -r requirements_os.txt
    #   delta-spark
zipp==3.20.0
    # via
    #   -c requirements_full.lock
    #   importlib-metadata
