#
# This file is autogenerated by pip-compile with Python 3.11
# by the following command:
#
#    pip-compile --constraint=requirements_full.lock --output-file=requirements_dq.lock requirements_dq.txt
#
altair==4.2.2
    # via
    #   -c requirements_full.lock
    #   great-expectations
annotated-types==0.7.0
    # via
    #   -c requirements_full.lock
    #   pydantic
attrs==25.3.0
    # via
    #   -c requirements_full.lock
    #   jsonschema
    #   referencing
backoff==2.2.1
    # via
    #   -c requirements_full.lock
    #   posthog
certifi==2025.4.26
    # via
    #   -c requirements_full.lock
    #   requests
cffi==1.17.1
    # via
    #   -c requirements_full.lock
    #   cryptography
charset-normalizer==3.4.2
    # via
    #   -c requirements_full.lock
    #   requests
cryptography==45.0.3
    # via
    #   -c requirements_full.lock
    #   great-expectations
distro==1.9.0
    # via
    #   -c requirements_full.lock
    #   posthog
entrypoints==0.4
    # via
    #   -c requirements_full.lock
    #   altair
great-expectations==1.3.13
    # via
    #   -c requirements_full.lock
    #   -r requirements_dq.txt
idna==3.10
    # via
    #   -c requirements_full.lock
    #   requests
jinja2==3.1.6
    # via
    #   -c requirements_full.lock
    #   altair
    #   great-expectations
jsonschema==4.24.0
    # via
    #   -c requirements_full.lock
    #   altair
    #   great-expectations
jsonschema-specifications==2025.4.1
    # via
    #   -c requirements_full.lock
    #   jsonschema
markupsafe==3.0.2
    # via
    #   -c requirements_full.lock
    #   jinja2
marshmallow==3.26.1
    # via
    #   -c requirements_full.lock
    #   great-expectations
mistune==3.1.3
    # via
    #   -c requirements_full.lock
    #   great-expectations
monotonic==1.6
    # via
    #   -c requirements_full.lock
    #   posthog
numpy==1.26.4
    # via
    #   -c requirements_full.lock
    #   -r requirements_dq.txt
    #   altair
    #   great-expectations
    #   pandas
    #   scipy
packaging==25.0
    # via
    #   -c requirements_full.lock
    #   great-expectations
    #   marshmallow
pandas==2.1.4
    # via
    #   -c requirements_full.lock
    #   altair
    #   great-expectations
posthog==3.25.0
    # via
    #   -c requirements_full.lock
    #   great-expectations
pycparser==2.22
    # via
    #   -c requirements_full.lock
    #   cffi
pydantic==2.11.5
    # via
    #   -c requirements_full.lock
    #   great-expectations
pydantic-core==2.33.2
    # via
    #   -c requirements_full.lock
    #   pydantic
pyparsing==3.2.3
    # via
    #   -c requirements_full.lock
    #   great-expectations
python-dateutil==2.9.0.post0
    # via
    #   -c requirements_full.lock
    #   great-expectations
    #   pandas
    #   posthog
pytz==2025.2
    # via
    #   -c requirements_full.lock
    #   pandas
referencing==0.36.2
    # via
    #   -c requirements_full.lock
    #   jsonschema
    #   jsonschema-specifications
requests==2.32.3
    # via
    #   -c requirements_full.lock
    #   great-expectations
    #   posthog
rpds-py==0.25.1
    # via
    #   -c requirements_full.lock
    #   jsonschema
    #   referencing
ruamel-yaml==0.18.13
    # via
    #   -c requirements_full.lock
    #   great-expectations
ruamel-yaml-clib==0.2.12
    # via
    #   -c requirements_full.lock
    #   ruamel-yaml
scipy==1.15.3
    # via
    #   -c requirements_full.lock
    #   great-expectations
six==1.17.0
    # via
    #   -c requirements_full.lock
    #   posthog
    #   python-dateutil
toolz==1.0.0
    # via
    #   -c requirements_full.lock
    #   altair
tqdm==4.67.1
    # via
    #   -c requirements_full.lock
    #   great-expectations
typing-extensions==4.14.0
    # via
    #   -c requirements_full.lock
    #   great-expectations
    #   pydantic
    #   pydantic-core
    #   referencing
    #   typing-inspection
typing-inspection==0.4.1
    # via
    #   -c requirements_full.lock
    #   pydantic
tzdata==2025.2
    # via
    #   -c requirements_full.lock
    #   pandas
tzlocal==5.3.1
    # via
    #   -c requirements_full.lock
    #   great-expectations
urllib3==2.4.0
    # via
    #   -c requirements_full.lock
    #   requests
