#
# This file is autogenerated by pip-compile with Python 3.11
# by the following command:
#
#    pip-compile --constraint=requirements_full.lock --output-file=requirements_sftp.lock requirements_sftp.txt
#
bcrypt==4.2.0
    # via
    #   -c requirements_full.lock
    #   paramiko
cffi==1.17.0
    # via
    #   -c requirements_full.lock
    #   cryptography
    #   pynacl
cryptography==43.0.1
    # via
    #   -c requirements_full.lock
    #   paramiko
paramiko==3.4.0
    # via
    #   -c requirements_full.lock
    #   -r requirements_sftp.txt
pycparser==2.22
    # via
    #   -c requirements_full.lock
    #   cffi
pynacl==1.5.0
    # via
    #   -c requirements_full.lock
    #   paramiko
