#
# This file is autogenerated by pip-compile with Python 3.11
# by the following command:
#
#    pip-compile --output-file=requirements_full.lock requirements.txt requirements_azure.txt requirements_cicd.txt requirements_dq.txt requirements_os.txt requirements_sftp.txt
#
aiohappyeyeballs==2.3.5
    # via aiohttp
aiohttp==3.10.3
    # via microsoft-kiota-authentication-azure
aiosignal==1.3.1
    # via aiohttp
altair==4.2.2
    # via great-expectations
annotated-types==0.7.0
    # via pydantic
anyio==4.4.0
    # via
    #   httpx
    #   jupyter-server
argon2-cffi==23.1.0
    # via jupyter-server
argon2-cffi-bindings==21.2.0
    # via argon2-cffi
arrow==1.3.0
    # via isoduration
astpretty==3.0.0
    # via flake8-expression-complexity
asttokens==2.4.1
    # via stack-data
async-lru==2.0.4
    # via jupyterlab
attrs==24.2.0
    # via
    #   aiohttp
    #   flake8-bugbear
    #   flake8-eradicate
    #   jsonschema
    #   referencing
azure-core==1.30.2
    # via
    #   azure-identity
    #   microsoft-kiota-authentication-azure
azure-identity==1.17.1
    # via msgraph-sdk
babel==2.16.0
    # via jupyterlab-server
backports-tarfile==1.2.0
    # via jaraco-context
bandit==1.7.8
    # via -r requirements_cicd.txt
bcrypt==4.2.0
    # via paramiko
beautifulsoup4==4.12.3
    # via nbconvert
black==24.4.0
    # via
    #   -r requirements_cicd.txt
    #   flake8-black
bleach==6.1.0
    # via nbconvert
boolean-py==4.0
    # via license-expression
boto3==1.34.39
    # via
    #   -r requirements.txt
    #   moto
boto3-stubs==1.34.158
    # via types-boto3
botocore==1.34.162
    # via
    #   boto3
    #   moto
    #   s3transfer
botocore-stubs==1.34.158
    # via boto3-stubs
build==1.2.1
    # via
    #   -r requirements_cicd.txt
    #   pip-tools
bump2version==1.0.1
    # via -r requirements_cicd.txt
cachecontrol[filecache]==0.14.0
    # via
    #   cachecontrol
    #   pip-audit
certifi==2024.7.4
    # via
    #   httpcore
    #   httpx
    #   requests
cffi==1.17.0
    # via
    #   argon2-cffi-bindings
    #   cryptography
    #   pynacl
charset-normalizer==3.3.2
    # via requests
click==8.1.7
    # via
    #   black
    #   great-expectations
    #   pip-tools
cognitive-complexity==1.3.0
    # via flake8-cognitive-complexity
colorama==0.4.6
    # via great-expectations
comm==0.2.2
    # via
    #   ipykernel
    #   ipywidgets
coverage[toml]==7.6.1
    # via pytest-cov
cryptography==43.0.1
    # via
    #   azure-identity
    #   great-expectations
    #   moto
    #   msal
    #   paramiko
    #   pyjwt
    #   secretstorage
cyclonedx-python-lib==7.5.1
    # via pip-audit
debugpy==1.8.5
    # via ipykernel
decorator==5.1.1
    # via ipython
defusedxml==0.7.1
    # via
    #   nbconvert
    #   py-serializable
delta-spark==3.2.0
    # via -r requirements_os.txt
deprecated==1.2.14
    # via
    #   opentelemetry-api
    #   opentelemetry-semantic-conventions
docutils==0.21.2
    # via readme-renderer
entrypoints==0.4
    # via altair
eradicate==2.3.0
    # via flake8-eradicate
executing==2.0.1
    # via stack-data
fastjsonschema==2.20.0
    # via nbformat
filelock==3.15.4
    # via cachecontrol
flake8==7.0.0
    # via
    #   -r requirements_cicd.txt
    #   flake8-black
    #   flake8-bugbear
    #   flake8-builtins
    #   flake8-comprehensions
    #   flake8-docstrings
    #   flake8-eradicate
    #   flake8-expression-complexity
    #   flake8-isort
    #   flake8-mutable
    #   flake8-quotes
flake8-black==0.3.6
    # via -r requirements_cicd.txt
flake8-bugbear==24.2.6
    # via -r requirements_cicd.txt
flake8-builtins==2.5.0
    # via -r requirements_cicd.txt
flake8-cognitive-complexity==0.1.0
    # via -r requirements_cicd.txt
flake8-comprehensions==3.14.0
    # via -r requirements_cicd.txt
flake8-docstrings==1.7.0
    # via -r requirements_cicd.txt
flake8-eradicate==1.5.0
    # via -r requirements_cicd.txt
flake8-expression-complexity==0.0.11
    # via -r requirements_cicd.txt
flake8-isort==6.1.1
    # via -r requirements_cicd.txt
flake8-mutable==1.2.0
    # via -r requirements_cicd.txt
flake8-quotes==3.4.0
    # via -r requirements_cicd.txt
fqdn==1.5.1
    # via jsonschema
frozenlist==1.4.1
    # via
    #   aiohttp
    #   aiosignal
great-expectations==0.18.8
    # via -r requirements_dq.txt
h11==0.14.0
    # via httpcore
h2==4.1.0
    # via httpx
hpack==4.0.0
    # via h2
html5lib==1.1
    # via pip-audit
httpcore==1.0.5
    # via httpx
httpx[http2]==0.27.0
    # via
    #   jupyterlab
    #   microsoft-kiota-http
    #   msgraph-core
hyperframe==6.0.1
    # via h2
idna==3.7
    # via
    #   anyio
    #   httpx
    #   jsonschema
    #   requests
    #   yarl
importlib-metadata==8.0.0
    # via
    #   delta-spark
    #   keyring
    #   opentelemetry-api
    #   twine
iniconfig==2.0.0
    # via pytest
ipykernel==6.29.5
    # via jupyterlab
ipython==8.26.0
    # via
    #   great-expectations
    #   ipykernel
    #   ipywidgets
ipywidgets==8.1.3
    # via great-expectations
isoduration==20.11.0
    # via jsonschema
isort==5.13.2
    # via
    #   -r requirements_cicd.txt
    #   flake8-isort
jaraco-classes==3.4.0
    # via keyring
jaraco-context==5.3.0
    # via keyring
jaraco-functools==4.0.2
    # via keyring
jedi==0.19.1
    # via ipython
jeepney==0.8.0
    # via
    #   keyring
    #   secretstorage
jinja2==3.1.4
    # via
    #   -r requirements.txt
    #   altair
    #   great-expectations
    #   jupyter-server
    #   jupyterlab
    #   jupyterlab-server
    #   moto
    #   nbconvert
    #   pdoc
jmespath==1.0.1
    # via
    #   boto3
    #   botocore
json5==0.9.25
    # via jupyterlab-server
jsonpatch==1.33
    # via great-expectations
jsonpointer==3.0.0
    # via
    #   jsonpatch
    #   jsonschema
jsonschema[format-nongpl]==4.23.0
    # via
    #   altair
    #   great-expectations
    #   jupyter-events
    #   jupyterlab-server
    #   nbformat
jsonschema-specifications==2023.12.1
    # via jsonschema
jupyter-client==8.6.2
    # via
    #   ipykernel
    #   jupyter-server
    #   nbclient
jupyter-core==5.7.2
    # via
    #   ipykernel
    #   jupyter-client
    #   jupyter-server
    #   jupyterlab
    #   nbclient
    #   nbconvert
    #   nbformat
jupyter-events==0.10.0
    # via jupyter-server
jupyter-lsp==2.2.5
    # via jupyterlab
jupyter-server==2.14.2
    # via
    #   jupyter-lsp
    #   jupyterlab
    #   jupyterlab-server
    #   notebook
    #   notebook-shim
jupyter-server-terminals==0.5.3
    # via jupyter-server
jupyterlab==4.2.4
    # via notebook
jupyterlab-pygments==0.3.0
    # via nbconvert
jupyterlab-server==2.27.3
    # via
    #   jupyterlab
    #   notebook
jupyterlab-widgets==3.0.11
    # via ipywidgets
keyring==25.3.0
    # via twine
license-expression==30.3.0
    # via cyclonedx-python-lib
lxml==4.9.2
    # via -r requirements_cicd.txt
makefun==1.15.4
    # via great-expectations
markdown-it-py==3.0.0
    # via rich
markupsafe==2.1.5
    # via
    #   jinja2
    #   nbconvert
    #   pdoc
    #   werkzeug
marshmallow==3.21.3
    # via great-expectations
matplotlib-inline==0.1.7
    # via
    #   ipykernel
    #   ipython
mccabe==0.7.0
    # via flake8
mdurl==0.1.2
    # via markdown-it-py
microsoft-kiota-abstractions==1.3.3
    # via
    #   microsoft-kiota-authentication-azure
    #   microsoft-kiota-http
    #   microsoft-kiota-serialization-form
    #   microsoft-kiota-serialization-json
    #   microsoft-kiota-serialization-multipart
    #   microsoft-kiota-serialization-text
    #   msgraph-core
    #   msgraph-sdk
microsoft-kiota-authentication-azure==1.0.0
    # via
    #   msgraph-core
    #   msgraph-sdk
microsoft-kiota-http==1.3.2
    # via
    #   msgraph-core
    #   msgraph-sdk
microsoft-kiota-serialization-form==0.1.0
    # via msgraph-sdk
microsoft-kiota-serialization-json==1.3.0
    # via msgraph-sdk
microsoft-kiota-serialization-multipart==0.1.0
    # via msgraph-sdk
microsoft-kiota-serialization-text==1.0.0
    # via msgraph-sdk
mistune==3.0.2
    # via
    #   great-expectations
    #   nbconvert
more-itertools==10.4.0
    # via
    #   jaraco-classes
    #   jaraco-functools
moto==4.1.10
    # via -r requirements_cicd.txt
msal==1.30.0
    # via
    #   azure-identity
    #   msal-extensions
msal-extensions==1.2.0
    # via azure-identity
msgpack==1.0.8
    # via cachecontrol
msgraph-core==1.1.2
    # via msgraph-sdk
msgraph-sdk==1.4.0
    # via -r requirements_azure.txt
multidict==6.0.5
    # via
    #   aiohttp
    #   yarl
mypy==1.9.0
    # via -r requirements_cicd.txt
mypy-extensions==1.0.0
    # via
    #   black
    #   mypy
nbclient==0.10.0
    # via nbconvert
nbconvert==7.16.4
    # via jupyter-server
nbformat==5.10.4
    # via
    #   great-expectations
    #   jupyter-server
    #   nbclient
    #   nbconvert
nest-asyncio==1.5.6
    # via
    #   -r requirements_azure.txt
    #   ipykernel
nh3==0.2.18
    # via readme-renderer
notebook==7.2.1
    # via great-expectations
notebook-shim==0.2.4
    # via
    #   jupyterlab
    #   notebook
numpy==1.26.4
    # via
    #   altair
    #   great-expectations
    #   pandas
    #   scipy
opentelemetry-api==1.26.0
    # via
    #   microsoft-kiota-abstractions
    #   microsoft-kiota-authentication-azure
    #   microsoft-kiota-http
    #   opentelemetry-sdk
    #   opentelemetry-semantic-conventions
opentelemetry-sdk==1.26.0
    # via
    #   microsoft-kiota-abstractions
    #   microsoft-kiota-authentication-azure
    #   microsoft-kiota-http
opentelemetry-semantic-conventions==0.47b0
    # via opentelemetry-sdk
overrides==7.7.0
    # via jupyter-server
packageurl-python==0.15.6
    # via cyclonedx-python-lib
packaging==24.1
    # via
    #   black
    #   build
    #   great-expectations
    #   ipykernel
    #   jupyter-server
    #   jupyterlab
    #   jupyterlab-server
    #   marshmallow
    #   nbconvert
    #   pip-audit
    #   pip-requirements-parser
    #   pytest
pandas==2.2.2
    # via
    #   altair
    #   great-expectations
pandocfilters==1.5.1
    # via nbconvert
paramiko==3.4.0
    # via
    #   -r requirements_sftp.txt
    #   pytest-sftpserver
parso==0.8.4
    # via jedi
pathspec==0.12.1
    # via black
pbr==6.0.0
    # via stevedore
pdoc==14.5.1
    # via -r requirements_cicd.txt
pendulum==3.0.0
    # via
    #   -r requirements.txt
    #   microsoft-kiota-serialization-form
    #   microsoft-kiota-serialization-json
pexpect==4.9.0
    # via ipython
pip-api==0.0.34
    # via pip-audit
pip-audit==2.7.3
    # via -r requirements_cicd.txt
pip-requirements-parser==32.0.1
    # via pip-audit
pip-tools==7.4.1
    # via -r requirements_cicd.txt
pkginfo==1.10.0
    # via twine
platformdirs==4.2.2
    # via
    #   black
    #   jupyter-core
pluggy==1.5.0
    # via pytest
portalocker==2.10.1
    # via msal-extensions
prometheus-client==0.20.0
    # via jupyter-server
prompt-toolkit==3.0.47
    # via ipython
psutil==6.0.0
    # via ipykernel
ptyprocess==0.7.0
    # via
    #   pexpect
    #   terminado
pure-eval==0.2.3
    # via stack-data
py-serializable==1.1.0
    # via cyclonedx-python-lib
py4j==0.10.9.7
    # via pyspark
pycodestyle==2.11.1
    # via flake8
pycparser==2.22
    # via cffi
pydantic==2.8.2
    # via great-expectations
pydantic-core==2.20.1
    # via pydantic
pydocstyle==6.3.0
    # via flake8-docstrings
pyflakes==3.2.0
    # via flake8
pygments==2.18.0
    # via
    #   ipython
    #   nbconvert
    #   pdoc
    #   readme-renderer
    #   rich
pyjwt[crypto]==2.9.0
    # via
    #   msal
    #   pyjwt
pynacl==1.5.0
    # via paramiko
pyparsing==3.1.2
    # via
    #   great-expectations
    #   pip-requirements-parser
pyproject-hooks==1.1.0
    # via
    #   build
    #   pip-tools
pyspark==3.5.0
    # via
    #   -r requirements_os.txt
    #   delta-spark
pytest==7.3.1
    # via
    #   -r requirements_cicd.txt
    #   pytest-cov
pytest-cov==4.1.0
    # via -r requirements_cicd.txt
pytest-sftpserver==1.3.0
    # via -r requirements_cicd.txt
python-dateutil==2.9.0.post0
    # via
    #   arrow
    #   botocore
    #   great-expectations
    #   jupyter-client
    #   microsoft-kiota-serialization-text
    #   moto
    #   pandas
    #   pendulum
    #   time-machine
python-json-logger==2.0.7
    # via jupyter-events
pytz==2024.1
    # via
    #   great-expectations
    #   pandas
pyyaml==6.0.1
    # via
    #   -r requirements.txt
    #   bandit
    #   jupyter-events
    #   responses
pyzmq==26.1.0
    # via
    #   ipykernel
    #   jupyter-client
    #   jupyter-server
readme-renderer==44.0
    # via twine
referencing==0.35.1
    # via
    #   jsonschema
    #   jsonschema-specifications
    #   jupyter-events
requests==2.32.3
    # via
    #   azure-core
    #   cachecontrol
    #   great-expectations
    #   jupyterlab-server
    #   moto
    #   msal
    #   pip-audit
    #   requests-toolbelt
    #   responses
    #   twine
requests-toolbelt==1.0.0
    # via twine
responses==0.25.3
    # via moto
rfc3339-validator==0.1.4
    # via
    #   jsonschema
    #   jupyter-events
rfc3986==2.0.0
    # via twine
rfc3986-validator==0.1.1
    # via
    #   jsonschema
    #   jupyter-events
rich==13.7.1
    # via
    #   bandit
    #   pip-audit
    #   twine
rpds-py==0.20.0
    # via
    #   jsonschema
    #   referencing
ruamel-yaml==0.17.17
    # via great-expectations
s3transfer==0.10.2
    # via boto3
scipy==1.14.0
    # via great-expectations
secretstorage==3.3.3
    # via keyring
send2trash==1.8.3
    # via jupyter-server
six==1.16.0
    # via
    #   asttokens
    #   azure-core
    #   bleach
    #   html5lib
    #   pytest-sftpserver
    #   python-dateutil
    #   rfc3339-validator
sniffio==1.3.1
    # via
    #   anyio
    #   httpx
snowballstemmer==2.2.0
    # via pydocstyle
sortedcontainers==2.4.0
    # via cyclonedx-python-lib
soupsieve==2.5
    # via beautifulsoup4
stack-data==0.6.3
    # via ipython
std-uritemplate==1.0.5
    # via microsoft-kiota-abstractions
stevedore==5.2.0
    # via bandit
terminado==0.18.1
    # via
    #   jupyter-server
    #   jupyter-server-terminals
time-machine==2.15.0
    # via pendulum
tinycss2==1.3.0
    # via nbconvert
toml==0.10.2
    # via pip-audit
toolz==0.12.1
    # via altair
tornado==6.4.1
    # via
    #   ipykernel
    #   jupyter-client
    #   jupyter-server
    #   jupyterlab
    #   notebook
    #   terminado
tqdm==4.66.5
    # via great-expectations
traitlets==5.14.3
    # via
    #   comm
    #   ipykernel
    #   ipython
    #   ipywidgets
    #   jupyter-client
    #   jupyter-core
    #   jupyter-events
    #   jupyter-server
    #   jupyterlab
    #   matplotlib-inline
    #   nbclient
    #   nbconvert
    #   nbformat
twine==5.1.1
    # via -r requirements_cicd.txt
types-awscrt==0.21.2
    # via botocore-stubs
types-boto3==1.0.2
    # via -r requirements_cicd.txt
types-cryptography==3.3.23.2
    # via types-paramiko
types-paramiko==2.12.0.0
    # via -r requirements_cicd.txt
types-python-dateutil==2.9.0.20240316
    # via arrow
types-requests==2.31.0.6
    # via -r requirements_cicd.txt
types-s3transfer==0.10.1
    # via boto3-stubs
types-urllib3==1.26.25.14
    # via types-requests
typing-extensions==4.12.2
    # via
    #   azure-core
    #   azure-identity
    #   boto3-stubs
    #   great-expectations
    #   ipython
    #   mypy
    #   opentelemetry-sdk
    #   pydantic
    #   pydantic-core
tzdata==2024.1
    # via
    #   pandas
    #   pendulum
tzlocal==5.2
    # via great-expectations
uri-template==1.3.0
    # via jsonschema
urllib3==1.26.19
    # via
    #   botocore
    #   great-expectations
    #   requests
    #   responses
    #   twine
wcwidth==0.2.13
    # via prompt-toolkit
webcolors==24.8.0
    # via jsonschema
webencodings==0.5.1
    # via
    #   bleach
    #   html5lib
    #   tinycss2
websocket-client==1.8.0
    # via jupyter-server
werkzeug==3.0.3
    # via moto
wheel==0.44.0
    # via pip-tools
widgetsnbextension==4.0.11
    # via ipywidgets
wrapt==1.16.0
    # via deprecated
xmltodict==0.13.0
    # via moto
yarl==1.9.4
    # via aiohttp
zipp==3.20.0
    # via importlib-metadata

# The following packages are considered to be unsafe in a requirements file:
# pip
# setuptools
